{"1.2.0",
[{<<"backoff">>,{pkg,<<"backoff">>,<<"1.1.6">>},1},
 {<<"opentelemetry_api">>,{pkg,<<"opentelemetry_api">>,<<"1.5.0">>},1},
 {<<"pg_types">>,{pkg,<<"pg_types">>,<<"0.6.0">>},1},
 {<<"pgo">>,
  {git,"https://github.com/chiroptical/pgo",
       {ref,"4a06cc9a6c0a52ac5d9584ddf0644831623a4dd1"}},
  0},
 {<<"quickrand">>,
  {git,"https://github.com/okeuday/quickrand.git",
       {ref,"65332de501998764f437c3ffe05d744f582d7622"}},
  1},
 {<<"uuid">>,
  {git,"https://github.com/okeuday/uuid.git",
       {ref,"7c2d1320c8e61e0fe25a66ecf4761e4b5b5803d6"}},
  0}]}.
[
{pkg_hash,[
 {<<"backoff">>, <<"83B72ED2108BA1EE8F7D1C22E0B4A00CFE3593A67DBC792799E8CCE9F42F796B">>},
 {<<"opentelemetry_api">>, <<"1A676F3E3340CAB81C763E939A42E11A70C22863F645AA06AAFEFC689B5550CF">>},
 {<<"pg_types">>, <<"B530C56330A59288BE49CDD27739EC025B6E877A475AE70BF95B04F1E3A817C4">>}]},
{pkg_hash_ext,[
 {<<"backoff">>, <<"CF0CFFF8995FB20562F822E5CC47D8CCF664C5ECDC26A684CBE85C225F9D7C39">>},
 {<<"opentelemetry_api">>, <<"F53EC8A1337AE4A487D43AC89DA4BD3A3C99DDF576655D071DEED8B56A2D5DDA">>},
 {<<"pg_types">>, <<"9949A4849DD13408FA249AB7B745E0D2DFDB9532AEE2B9722326E33CD082A778">>}]}
].
